
Microsoft Visual Studio Solution File, Format Version 12.00
# Visual Studio Version 17
VisualStudioVersion = 17.14.36401.2 d17.14
MinimumVisualStudioVersion = 10.0.40219.1
Project("{54A90642-561A-4BB1-A94E-469ADEE60C69}") = "tramag.client", "tramag.client\tramag.client.esproj", "{8BF1E21F-6EEC-58D6-01F9-E2F2DA9FABD2}"
EndProject
Project("{FAE04EC0-301F-11D3-BF4B-00C04F79EFBC}") = "TraMag.Server", "TraMag.Server\TraMag.Server.csproj", "{63F5B00C-BE56-422C-A0ED-F7E481019981}"
EndProject
Global
	GlobalSection(SolutionConfigurationPlatforms) = preSolution
		Debug|Any CPU = Debug|Any CPU
		Release|Any CPU = Release|Any CPU
	EndGlobalSection
	GlobalSection(ProjectConfigurationPlatforms) = postSolution
		{8BF1E21F-6EEC-58D6-01F9-E2F2DA9FABD2}.Debug|Any CPU.ActiveCfg = Debug|Any CPU
		{8BF1E21F-6EEC-58D6-01F9-E2F2DA9FABD2}.Debug|Any CPU.Build.0 = Debug|Any CPU
		{8BF1E21F-6EEC-58D6-01F9-E2F2DA9FABD2}.Debug|Any CPU.Deploy.0 = Debug|Any CPU
		{8BF1E21F-6EEC-58D6-01F9-E2F2DA9FABD2}.Release|Any CPU.ActiveCfg = Release|Any CPU
		{8BF1E21F-6EEC-58D6-01F9-E2F2DA9FABD2}.Release|Any CPU.Build.0 = Release|Any CPU
		{8BF1E21F-6EEC-58D6-01F9-E2F2DA9FABD2}.Release|Any CPU.Deploy.0 = Release|Any CPU
		{63F5B00C-BE56-422C-A0ED-F7E481019981}.Debug|Any CPU.ActiveCfg = Debug|Any CPU
		{63F5B00C-BE56-422C-A0ED-F7E481019981}.Debug|Any CPU.Build.0 = Debug|Any CPU
		{63F5B00C-BE56-422C-A0ED-F7E481019981}.Release|Any CPU.ActiveCfg = Release|Any CPU
		{63F5B00C-BE56-422C-A0ED-F7E481019981}.Release|Any CPU.Build.0 = Release|Any CPU
	EndGlobalSection
	GlobalSection(SolutionProperties) = preSolution
		HideSolutionNode = FALSE
	EndGlobalSection
	GlobalSection(ExtensibilityGlobals) = postSolution
		SolutionGuid = {82C30C99-055F-43F9-9A0E-DF3814636880}
	EndGlobalSection
EndGlobal
